Microsoft Visual Studio Solution File, Format Version 12.00
# Visual Studio Version 17
VisualStudioVersion = 17.5.2.0
MinimumVisualStudioVersion = 10.0.40219.1
Project("{FAE04EC0-301F-11D3-BF4B-00C04F79EFBC}") = "SingletonPattern", "SingletonPattern\SingletonPattern.csproj", "{FABC0CC8-7E79-3D9B-8D56-17C4207BB104}"
EndProject
Project("{FAE04EC0-301F-11D3-BF4B-00C04F79EFBC}") = "FactoryPrinciple", "FactoryPrinciple\FactoryPrinciple.csproj", "{D9E55E0D-CE8A-9DB8-EEAC-0A09D23BF18B}"
EndProject
Project("{FAE04EC0-301F-11D3-BF4B-00C04F79EFBC}") = "AdapterPattern", "AdapterPattern\AdapterPattern.csproj", "{68D3E6F7-8104-8C96-881B-9B14714032AB}"
EndProject
Project("{2150E333-8FDC-42A3-9474-1A3956D46DE8}") = "BuilderPattern", "BuilderPattern", "{0B936258-4468-9F05-4EBE-E3C0BC757428}"
EndProject
Project("{FAE04EC0-301F-11D3-BF4B-00C04F79EFBC}") = "BuilderPatternExample", "BuilderPattern\BuilderPatternExample\BuilderPatternExample.csproj", "{E508F355-DDC1-DC0C-12DC-42B0FFE05683}"
EndProject
Global
	GlobalSection(SolutionConfigurationPlatforms) = preSolution
		Debug|Any CPU = Debug|Any CPU
		Release|Any CPU = Release|Any CPU
	EndGlobalSection
	GlobalSection(ProjectConfigurationPlatforms) = postSolution
		{FABC0CC8-7E79-3D9B-8D56-17C4207BB104}.Debug|Any CPU.ActiveCfg = Debug|Any CPU
		{FABC0CC8-7E79-3D9B-8D56-17C4207BB104}.Debug|Any CPU.Build.0 = Debug|Any CPU
		{FABC0CC8-7E79-3D9B-8D56-17C4207BB104}.Release|Any CPU.ActiveCfg = Release|Any CPU
		{FABC0CC8-7E79-3D9B-8D56-17C4207BB104}.Release|Any CPU.Build.0 = Release|Any CPU
		{D9E55E0D-CE8A-9DB8-EEAC-0A09D23BF18B}.Debug|Any CPU.ActiveCfg = Debug|Any CPU
		{D9E55E0D-CE8A-9DB8-EEAC-0A09D23BF18B}.Debug|Any CPU.Build.0 = Debug|Any CPU
		{D9E55E0D-CE8A-9DB8-EEAC-0A09D23BF18B}.Release|Any CPU.ActiveCfg = Release|Any CPU
		{D9E55E0D-CE8A-9DB8-EEAC-0A09D23BF18B}.Release|Any CPU.Build.0 = Release|Any CPU
		{68D3E6F7-8104-8C96-881B-9B14714032AB}.Debug|Any CPU.ActiveCfg = Debug|Any CPU
		{68D3E6F7-8104-8C96-881B-9B14714032AB}.Debug|Any CPU.Build.0 = Debug|Any CPU
		{68D3E6F7-8104-8C96-881B-9B14714032AB}.Release|Any CPU.ActiveCfg = Release|Any CPU
		{68D3E6F7-8104-8C96-881B-9B14714032AB}.Release|Any CPU.Build.0 = Release|Any CPU
		{E508F355-DDC1-DC0C-12DC-42B0FFE05683}.Debug|Any CPU.ActiveCfg = Debug|Any CPU
		{E508F355-DDC1-DC0C-12DC-42B0FFE05683}.Debug|Any CPU.Build.0 = Debug|Any CPU
		{E508F355-DDC1-DC0C-12DC-42B0FFE05683}.Release|Any CPU.ActiveCfg = Release|Any CPU
		{E508F355-DDC1-DC0C-12DC-42B0FFE05683}.Release|Any CPU.Build.0 = Release|Any CPU
	EndGlobalSection
	GlobalSection(SolutionProperties) = preSolution
		HideSolutionNode = FALSE
	EndGlobalSection
	GlobalSection(NestedProjects) = preSolution
		{E508F355-DDC1-DC0C-12DC-42B0FFE05683} = {0B936258-4468-9F05-4EBE-E3C0BC757428}
	EndGlobalSection
	GlobalSection(ExtensibilityGlobals) = postSolution
		SolutionGuid = {F233CCCE-6830-4538-AA65-3F165067510E}
	EndGlobalSection
EndGlobal
